// !$*UTF8*$!
{
	archiveVersion = 1;
	classes = {
	};
	objectVersion = 50;
	objects = {

/* Begin PBXBuildFile section */
		B606D12121EF69910072FFDB /* AppDelegate.swift in Sources */ = {isa = PBXBuildFile; fileRef = B606D12021EF69910072FFDB /* AppDelegate.swift */; };
		B606D12321EF69910072FFDB /* ViewController.swift in Sources */ = {isa = PBXBuildFile; fileRef = B606D12221EF69910072FFDB /* ViewController.swift */; };
		B606D12621EF69910072FFDB /* Main.storyboard in Resources */ = {isa = PBXBuildFile; fileRef = B606D12421EF69910072FFDB /* Main.storyboard */; };
		B606D12821EF69920072FFDB /* Assets.xcassets in Resources */ = {isa = PBXBuildFile; fileRef = B606D12721EF69920072FFDB /* Assets.xcassets */; };
		B606D12B21EF69920072FFDB /* LaunchScreen.storyboard in Resources */ = {isa = PBXBuildFile; fileRef = B606D12921EF69920072FFDB /* LaunchScreen.storyboard */; };
		B606D13621EF69930072FFDB /* MusicBrowserTests.swift in Sources */ = {isa = PBXBuildFile; fileRef = B606D13521EF69930072FFDB /* MusicBrowserTests.swift */; };
		B606D14721EF6AC40072FFDB /* RequestProtocol.swift in Sources */ = {isa = PBXBuildFile; fileRef = B606D14621EF6AC40072FFDB /* RequestProtocol.swift */; };
		B606D14921EF6ADA0072FFDB /* RequestManagerProtocol.swift in Sources */ = {isa = PBXBuildFile; fileRef = B606D14821EF6ADA0072FFDB /* RequestManagerProtocol.swift */; };
		B606D14B21EF6AF50072FFDB /* Result.swift in Sources */ = {isa = PBXBuildFile; fileRef = B606D14A21EF6AF50072FFDB /* Result.swift */; };
		B606D14D21EF6B1B0072FFDB /* RequestManager.swift in Sources */ = {isa = PBXBuildFile; fileRef = B606D14C21EF6B1B0072FFDB /* RequestManager.swift */; };
		B606D14F21EF6B380072FFDB /* EndpointProtocol.swift in Sources */ = {isa = PBXBuildFile; fileRef = B606D14E21EF6B380072FFDB /* EndpointProtocol.swift */; };
		B606D15121EF6B490072FFDB /* ResultError.swift in Sources */ = {isa = PBXBuildFile; fileRef = B606D15021EF6B490072FFDB /* ResultError.swift */; };
		B606D15321EF6B5B0072FFDB /* HTTPCode.swift in Sources */ = {isa = PBXBuildFile; fileRef = B606D15221EF6B5B0072FFDB /* HTTPCode.swift */; };
		B606D15621EF6B8E0072FFDB /* LayoutExtensions.swift in Sources */ = {isa = PBXBuildFile; fileRef = B606D15521EF6B8E0072FFDB /* LayoutExtensions.swift */; };
/* End PBXBuildFile section */

/* Begin PBXContainerItemProxy section */
		B606D13221EF69920072FFDB /* PBXContainerItemProxy */ = {
			isa = PBXContainerItemProxy;
			containerPortal = B606D11521EF69910072FFDB /* Project object */;
			proxyType = 1;
			remoteGlobalIDString = B606D11C21EF69910072FFDB;
			remoteInfo = MusicBrowser;
		};
/* End PBXContainerItemProxy section */

/* Begin PBXFileReference section */
		B606D11D21EF69910072FFDB /* MusicBrowser.app */ = {isa = PBXFileReference; explicitFileType = wrapper.application; includeInIndex = 0; path = MusicBrowser.app; sourceTree = BUILT_PRODUCTS_DIR; };
		B606D12021EF69910072FFDB /* AppDelegate.swift */ = {isa = PBXFileReference; lastKnownFileType = sourcecode.swift; path = AppDelegate.swift; sourceTree = "<group>"; };
		B606D12221EF69910072FFDB /* ViewController.swift */ = {isa = PBXFileReference; lastKnownFileType = sourcecode.swift; path = ViewController.swift; sourceTree = "<group>"; };
		B606D12521EF69910072FFDB /* Base */ = {isa = PBXFileReference; lastKnownFileType = file.storyboard; name = Base; path = Base.lproj/Main.storyboard; sourceTree = "<group>"; };
		B606D12721EF69920072FFDB /* Assets.xcassets */ = {isa = PBXFileReference; lastKnownFileType = folder.assetcatalog; path = Assets.xcassets; sourceTree = "<group>"; };
		B606D12A21EF69920072FFDB /* Base */ = {isa = PBXFileReference; lastKnownFileType = file.storyboard; name = Base; path = Base.lproj/LaunchScreen.storyboard; sourceTree = "<group>"; };
		B606D12C21EF69920072FFDB /* Info.plist */ = {isa = PBXFileReference; lastKnownFileType = text.plist.xml; path = Info.plist; sourceTree = "<group>"; };
		B606D13121EF69920072FFDB /* MusicBrowserTests.xctest */ = {isa = PBXFileReference; explicitFileType = wrapper.cfbundle; includeInIndex = 0; path = MusicBrowserTests.xctest; sourceTree = BUILT_PRODUCTS_DIR; };
		B606D13521EF69930072FFDB /* MusicBrowserTests.swift */ = {isa = PBXFileReference; lastKnownFileType = sourcecode.swift; path = MusicBrowserTests.swift; sourceTree = "<group>"; };
		B606D13721EF69930072FFDB /* Info.plist */ = {isa = PBXFileReference; lastKnownFileType = text.plist.xml; path = Info.plist; sourceTree = "<group>"; };
		B606D14621EF6AC40072FFDB /* RequestProtocol.swift */ = {isa = PBXFileReference; lastKnownFileType = sourcecode.swift; path = RequestProtocol.swift; sourceTree = "<group>"; };
		B606D14821EF6ADA0072FFDB /* RequestManagerProtocol.swift */ = {isa = PBXFileReference; lastKnownFileType = sourcecode.swift; path = RequestManagerProtocol.swift; sourceTree = "<group>"; };
		B606D14A21EF6AF50072FFDB /* Result.swift */ = {isa = PBXFileReference; lastKnownFileType = sourcecode.swift; path = Result.swift; sourceTree = "<group>"; };
		B606D14C21EF6B1B0072FFDB /* RequestManager.swift */ = {isa = PBXFileReference; lastKnownFileType = sourcecode.swift; path = RequestManager.swift; sourceTree = "<group>"; };
		B606D14E21EF6B380072FFDB /* EndpointProtocol.swift */ = {isa = PBXFileReference; lastKnownFileType = sourcecode.swift; path = EndpointProtocol.swift; sourceTree = "<group>"; };
		B606D15021EF6B490072FFDB /* ResultError.swift */ = {isa = PBXFileReference; lastKnownFileType = sourcecode.swift; path = ResultError.swift; sourceTree = "<group>"; };
		B606D15221EF6B5B0072FFDB /* HTTPCode.swift */ = {isa = PBXFileReference; lastKnownFileType = sourcecode.swift; path = HTTPCode.swift; sourceTree = "<group>"; };
		B606D15521EF6B8E0072FFDB /* LayoutExtensions.swift */ = {isa = PBXFileReference; lastKnownFileType = sourcecode.swift; path = LayoutExtensions.swift; sourceTree = "<group>"; };
/* End PBXFileReference section */

/* Begin PBXFrameworksBuildPhase section */
		B606D11A21EF69910072FFDB /* Frameworks */ = {
			isa = PBXFrameworksBuildPhase;
			buildActionMask = 2147483647;
			files = (
			);
			runOnlyForDeploymentPostprocessing = 0;
		};
		B606D12E21EF69920072FFDB /* Frameworks */ = {
			isa = PBXFrameworksBuildPhase;
			buildActionMask = 2147483647;
			files = (
			);
			runOnlyForDeploymentPostprocessing = 0;
		};
/* End PBXFrameworksBuildPhase section */

/* Begin PBXGroup section */
		B606D11421EF69910072FFDB = {
			isa = PBXGroup;
			children = (
				B606D11F21EF69910072FFDB /* MusicBrowser */,
				B606D13421EF69930072FFDB /* MusicBrowserTests */,
				B606D11E21EF69910072FFDB /* Products */,
			);
			sourceTree = "<group>";
		};
		B606D11E21EF69910072FFDB /* Products */ = {
			isa = PBXGroup;
			children = (
				B606D11D21EF69910072FFDB /* MusicBrowser.app */,
				B606D13121EF69920072FFDB /* MusicBrowserTests.xctest */,
			);
			name = Products;
			sourceTree = "<group>";
		};
		B606D11F21EF69910072FFDB /* MusicBrowser */ = {
			isa = PBXGroup;
			children = (
				B606D14321EF6A600072FFDB /* SongDetailModule */,
				B606D14221EF6A200072FFDB /* BrowseSongsModule */,
				B606D14121EF6A190072FFDB /* Common */,
				B606D14021EF6A110072FFDB /* Resources */,
				B606D12021EF69910072FFDB /* AppDelegate.swift */,
				B606D12221EF69910072FFDB /* ViewController.swift */,
				B606D12421EF69910072FFDB /* Main.storyboard */,
				B606D12721EF69920072FFDB /* Assets.xcassets */,
				B606D12921EF69920072FFDB /* LaunchScreen.storyboard */,
				B606D12C21EF69920072FFDB /* Info.plist */,
			);
			path = MusicBrowser;
			sourceTree = "<group>";
		};
		B606D13421EF69930072FFDB /* MusicBrowserTests */ = {
			isa = PBXGroup;
			children = (
				B606D13521EF69930072FFDB /* MusicBrowserTests.swift */,
				B606D13721EF69930072FFDB /* Info.plist */,
			);
			path = MusicBrowserTests;
			sourceTree = "<group>";
		};
		B606D14021EF6A110072FFDB /* Resources */ = {
			isa = PBXGroup;
			children = (
			);
			path = Resources;
			sourceTree = "<group>";
		};
		B606D14121EF6A190072FFDB /* Common */ = {
			isa = PBXGroup;
			children = (
				B606D15421EF6B7C0072FFDB /* Extensions */,
				B606D14421EF6AA70072FFDB /* Network */,
			);
			path = Common;
			sourceTree = "<group>";
		};
		B606D14221EF6A200072FFDB /* BrowseSongsModule */ = {
			isa = PBXGroup;
			children = (
			);
			path = BrowseSongsModule;
			sourceTree = "<group>";
		};
		B606D14321EF6A600072FFDB /* SongDetailModule */ = {
			isa = PBXGroup;
			children = (
			);
			path = SongDetailModule;
			sourceTree = "<group>";
		};
		B606D14421EF6AA70072FFDB /* Network */ = {
			isa = PBXGroup;
			children = (
				B606D14521EF6AAD0072FFDB /* Protocols */,
				B606D14A21EF6AF50072FFDB /* Result.swift */,
				B606D14C21EF6B1B0072FFDB /* RequestManager.swift */,
				B606D15021EF6B490072FFDB /* ResultError.swift */,
				B606D15221EF6B5B0072FFDB /* HTTPCode.swift */,
			);
			path = Network;
			sourceTree = "<group>";
		};
		B606D14521EF6AAD0072FFDB /* Protocols */ = {
			isa = PBXGroup;
			children = (
				B606D14621EF6AC40072FFDB /* RequestProtocol.swift */,
				B606D14821EF6ADA0072FFDB /* RequestManagerProtocol.swift */,
				B606D14E21EF6B380072FFDB /* EndpointProtocol.swift */,
			);
			path = Protocols;
			sourceTree = "<group>";
		};
		B606D15421EF6B7C0072FFDB /* Extensions */ = {
			isa = PBXGroup;
			children = (
				B606D15721EF6B940072FFDB /* UIView */,
			);
			path = Extensions;
			sourceTree = "<group>";
		};
		B606D15721EF6B940072FFDB /* UIView */ = {
			isa = PBXGroup;
			children = (
				B606D15521EF6B8E0072FFDB /* LayoutExtensions.swift */,
			);
			path = UIView;
			sourceTree = "<group>";
		};
/* End PBXGroup section */

/* Begin PBXNativeTarget section */
		B606D11C21EF69910072FFDB /* MusicBrowser */ = {
			isa = PBXNativeTarget;
			buildConfigurationList = B606D13A21EF69930072FFDB /* Build configuration list for PBXNativeTarget "MusicBrowser" */;
			buildPhases = (
				B606D11921EF69910072FFDB /* Sources */,
				B606D11A21EF69910072FFDB /* Frameworks */,
				B606D11B21EF69910072FFDB /* Resources */,
			);
			buildRules = (
			);
			dependencies = (
			);
			name = MusicBrowser;
			productName = MusicBrowser;
			productReference = B606D11D21EF69910072FFDB /* MusicBrowser.app */;
			productType = "com.apple.product-type.application";
		};
		B606D13021EF69920072FFDB /* MusicBrowserTests */ = {
			isa = PBXNativeTarget;
			buildConfigurationList = B606D13D21EF69930072FFDB /* Build configuration list for PBXNativeTarget "MusicBrowserTests" */;
			buildPhases = (
				B606D12D21EF69920072FFDB /* Sources */,
				B606D12E21EF69920072FFDB /* Frameworks */,
				B606D12F21EF69920072FFDB /* Resources */,
			);
			buildRules = (
			);
			dependencies = (
				B606D13321EF69920072FFDB /* PBXTargetDependency */,
			);
			name = MusicBrowserTests;
			productName = MusicBrowserTests;
			productReference = B606D13121EF69920072FFDB /* MusicBrowserTests.xctest */;
			productType = "com.apple.product-type.bundle.unit-test";
		};
/* End PBXNativeTarget section */

/* Begin PBXProject section */
		B606D11521EF69910072FFDB /* Project object */ = {
			isa = PBXProject;
			attributes = {
				LastSwiftUpdateCheck = 1010;
				LastUpgradeCheck = 1010;
				ORGANIZATIONNAME = "Guillermo Zafra";
				TargetAttributes = {
					B606D11C21EF69910072FFDB = {
						CreatedOnToolsVersion = 10.1;
					};
					B606D13021EF69920072FFDB = {
						CreatedOnToolsVersion = 10.1;
						TestTargetID = B606D11C21EF69910072FFDB;
					};
				};
			};
			buildConfigurationList = B606D11821EF69910072FFDB /* Build configuration list for PBXProject "MusicBrowser" */;
			compatibilityVersion = "Xcode 9.3";
			developmentRegion = en;
			hasScannedForEncodings = 0;
			knownRegions = (
				en,
				Base,
			);
			mainGroup = B606D11421EF69910072FFDB;
			productRefGroup = B606D11E21EF69910072FFDB /* Products */;
			projectDirPath = "";
			projectRoot = "";
			targets = (
				B606D11C21EF69910072FFDB /* MusicBrowser */,
				B606D13021EF69920072FFDB /* MusicBrowserTests */,
			);
		};
/* End PBXProject section */

/* Begin PBXResourcesBuildPhase section */
		B606D11B21EF69910072FFDB /* Resources */ = {
			isa = PBXResourcesBuildPhase;
			buildActionMask = 2147483647;
			files = (
				B606D12B21EF69920072FFDB /* LaunchScreen.storyboard in Resources */,
				B606D12821EF69920072FFDB /* Assets.xcassets in Resources */,
				B606D12621EF69910072FFDB /* Main.storyboard in Resources */,
			);
			runOnlyForDeploymentPostprocessing = 0;
		};
		B606D12F21EF69920072FFDB /* Resources */ = {
			isa = PBXResourcesBuildPhase;
			buildActionMask = 2147483647;
			files = (
			);
			runOnlyForDeploymentPostprocessing = 0;
		};
/* End PBXResourcesBuildPhase section */

/* Begin PBXSourcesBuildPhase section */
		B606D11921EF69910072FFDB /* Sources */ = {
			isa = PBXSourcesBuildPhase;
			buildActionMask = 2147483647;
			files = (
				B606D14721EF6AC40072FFDB /* RequestProtocol.swift in Sources */,
				B606D15321EF6B5B0072FFDB /* HTTPCode.swift in Sources */,
				B606D14B21EF6AF50072FFDB /* Result.swift in Sources */,
				B606D14921EF6ADA0072FFDB /* RequestManagerProtocol.swift in Sources */,
				B606D14D21EF6B1B0072FFDB /* RequestManager.swift in Sources */,
				B606D12321EF69910072FFDB /* ViewController.swift in Sources */,
				B606D15121EF6B490072FFDB /* ResultError.swift in Sources */,
				B606D15621EF6B8E0072FFDB /* LayoutExtensions.swift in Sources */,
				B606D12121EF69910072FFDB /* AppDelegate.swift in Sources */,
				B606D14F21EF6B380072FFDB /* EndpointProtocol.swift in Sources */,
			);
			runOnlyForDeploymentPostprocessing = 0;
		};
		B606D12D21EF69920072FFDB /* Sources */ = {
			isa = PBXSourcesBuildPhase;
			buildActionMask = 2147483647;
			files = (
				B606D13621EF69930072FFDB /* MusicBrowserTests.swift in Sources */,
			);
			runOnlyForDeploymentPostprocessing = 0;
		};
/* End PBXSourcesBuildPhase section */

/* Begin PBXTargetDependency section */
		B606D13321EF69920072FFDB /* PBXTargetDependency */ = {
			isa = PBXTargetDependency;
			target = B606D11C21EF69910072FFDB /* MusicBrowser */;
			targetProxy = B606D13221EF69920072FFDB /* PBXContainerItemProxy */;
		};
/* End PBXTargetDependency section */

/* Begin PBXVariantGroup section */
		B606D12421EF69910072FFDB /* Main.storyboard */ = {
			isa = PBXVariantGroup;
			children = (
				B606D12521EF69910072FFDB /* Base */,
			);
			name = Main.storyboard;
			sourceTree = "<group>";
		};
		B606D12921EF69920072FFDB /* LaunchScreen.storyboard */ = {
			isa = PBXVariantGroup;
			children = (
				B606D12A21EF69920072FFDB /* Base */,
			);
			name = LaunchScreen.storyboard;
			sourceTree = "<group>";
		};
/* End PBXVariantGroup section */

/* Begin XCBuildConfiguration section */
		B606D13821EF69930072FFDB /* Debug */ = {
			isa = XCBuildConfiguration;
			buildSettings = {
				ALWAYS_SEARCH_USER_PATHS = NO;
				CLANG_ANALYZER_NONNULL = YES;
				CLANG_ANALYZER_NUMBER_OBJECT_CONVERSION = YES_AGGRESSIVE;
				CLANG_CXX_LANGUAGE_STANDARD = "gnu++14";
				CLANG_CXX_LIBRARY = "libc++";
				CLANG_ENABLE_MODULES = YES;
				CLANG_ENABLE_OBJC_ARC = YES;
				CLANG_ENABLE_OBJC_WEAK = YES;
				CLANG_WARN_BLOCK_CAPTURE_AUTORELEASING = YES;
				CLANG_WARN_BOOL_CONVERSION = YES;
				CLANG_WARN_COMMA = YES;
				CLANG_WARN_CONSTANT_CONVERSION = YES;
				CLANG_WARN_DEPRECATED_OBJC_IMPLEMENTATIONS = YES;
				CLANG_WARN_DIRECT_OBJC_ISA_USAGE = YES_ERROR;
				CLANG_WARN_DOCUMENTATION_COMMENTS = YES;
				CLANG_WARN_EMPTY_BODY = YES;
				CLANG_WARN_ENUM_CONVERSION = YES;
				CLANG_WARN_INFINITE_RECURSION = YES;
				CLANG_WARN_INT_CONVERSION = YES;
				CLANG_WARN_NON_LITERAL_NULL_CONVERSION = YES;
				CLANG_WARN_OBJC_IMPLICIT_RETAIN_SELF = YES;
				CLANG_WARN_OBJC_LITERAL_CONVERSION = YES;
				CLANG_WARN_OBJC_ROOT_CLASS = YES_ERROR;
				CLANG_WARN_RANGE_LOOP_ANALYSIS = YES;
				CLANG_WARN_STRICT_PROTOTYPES = YES;
				CLANG_WARN_SUSPICIOUS_MOVE = YES;
				CLANG_WARN_UNGUARDED_AVAILABILITY = YES_AGGRESSIVE;
				CLANG_WARN_UNREACHABLE_CODE = YES;
				CLANG_WARN__DUPLICATE_METHOD_MATCH = YES;
				CODE_SIGN_IDENTITY = "iPhone Developer";
				COPY_PHASE_STRIP = NO;
				DEBUG_INFORMATION_FORMAT = dwarf;
				ENABLE_STRICT_OBJC_MSGSEND = YES;
				ENABLE_TESTABILITY = YES;
				GCC_C_LANGUAGE_STANDARD = gnu11;
				GCC_DYNAMIC_NO_PIC = NO;
				GCC_NO_COMMON_BLOCKS = YES;
				GCC_OPTIMIZATION_LEVEL = 0;
				GCC_PREPROCESSOR_DEFINITIONS = (
					"DEBUG=1",
					"$(inherited)",
				);
				GCC_WARN_64_TO_32_BIT_CONVERSION = YES;
				GCC_WARN_ABOUT_RETURN_TYPE = YES_ERROR;
				GCC_WARN_UNDECLARED_SELECTOR = YES;
				GCC_WARN_UNINITIALIZED_AUTOS = YES_AGGRESSIVE;
				GCC_WARN_UNUSED_FUNCTION = YES;
				GCC_WARN_UNUSED_VARIABLE = YES;
				IPHONEOS_DEPLOYMENT_TARGET = 12.1;
				MTL_ENABLE_DEBUG_INFO = INCLUDE_SOURCE;
				MTL_FAST_MATH = YES;
				ONLY_ACTIVE_ARCH = YES;
				SDKROOT = iphoneos;
				SWIFT_ACTIVE_COMPILATION_CONDITIONS = DEBUG;
				SWIFT_OPTIMIZATION_LEVEL = "-Onone";
			};
			name = Debug;
		};
		B606D13921EF69930072FFDB /* Release */ = {
			isa = XCBuildConfiguration;
			buildSettings = {
				ALWAYS_SEARCH_USER_PATHS = NO;
				CLANG_ANALYZER_NONNULL = YES;
				CLANG_ANALYZER_NUMBER_OBJECT_CONVERSION = YES_AGGRESSIVE;
				CLANG_CXX_LANGUAGE_STANDARD = "gnu++14";
				CLANG_CXX_LIBRARY = "libc++";
				CLANG_ENABLE_MODULES = YES;
				CLANG_ENABLE_OBJC_ARC = YES;
				CLANG_ENABLE_OBJC_WEAK = YES;
				CLANG_WARN_BLOCK_CAPTURE_AUTORELEASING = YES;
				CLANG_WARN_BOOL_CONVERSION = YES;
				CLANG_WARN_COMMA = YES;
				CLANG_WARN_CONSTANT_CONVERSION = YES;
				CLANG_WARN_DEPRECATED_OBJC_IMPLEMENTATIONS = YES;
				CLANG_WARN_DIRECT_OBJC_ISA_USAGE = YES_ERROR;
				CLANG_WARN_DOCUMENTATION_COMMENTS = YES;
				CLANG_WARN_EMPTY_BODY = YES;
				CLANG_WARN_ENUM_CONVERSION = YES;
				CLANG_WARN_INFINITE_RECURSION = YES;
				CLANG_WARN_INT_CONVERSION = YES;
				CLANG_WARN_NON_LITERAL_NULL_CONVERSION = YES;
				CLANG_WARN_OBJC_IMPLICIT_RETAIN_SELF = YES;
				CLANG_WARN_OBJC_LITERAL_CONVERSION = YES;
				CLANG_WARN_OBJC_ROOT_CLASS = YES_ERROR;
				CLANG_WARN_RANGE_LOOP_ANALYSIS = YES;
				CLANG_WARN_STRICT_PROTOTYPES = YES;
				CLANG_WARN_SUSPICIOUS_MOVE = YES;
				CLANG_WARN_UNGUARDED_AVAILABILITY = YES_AGGRESSIVE;
				CLANG_WARN_UNREACHABLE_CODE = YES;
				CLANG_WARN__DUPLICATE_METHOD_MATCH = YES;
				CODE_SIGN_IDENTITY = "iPhone Developer";
				COPY_PHASE_STRIP = NO;
				DEBUG_INFORMATION_FORMAT = "dwarf-with-dsym";
				ENABLE_NS_ASSERTIONS = NO;
				ENABLE_STRICT_OBJC_MSGSEND = YES;
				GCC_C_LANGUAGE_STANDARD = gnu11;
				GCC_NO_COMMON_BLOCKS = YES;
				GCC_WARN_64_TO_32_BIT_CONVERSION = YES;
				GCC_WARN_ABOUT_RETURN_TYPE = YES_ERROR;
				GCC_WARN_UNDECLARED_SELECTOR = YES;
				GCC_WARN_UNINITIALIZED_AUTOS = YES_AGGRESSIVE;
				GCC_WARN_UNUSED_FUNCTION = YES;
				GCC_WARN_UNUSED_VARIABLE = YES;
				IPHONEOS_DEPLOYMENT_TARGET = 12.1;
				MTL_ENABLE_DEBUG_INFO = NO;
				MTL_FAST_MATH = YES;
				SDKROOT = iphoneos;
				SWIFT_COMPILATION_MODE = wholemodule;
				SWIFT_OPTIMIZATION_LEVEL = "-O";
				VALIDATE_PRODUCT = YES;
			};
			name = Release;
		};
		B606D13B21EF69930072FFDB /* Debug */ = {
			isa = XCBuildConfiguration;
			buildSettings = {
				ASSETCATALOG_COMPILER_APPICON_NAME = AppIcon;
				CODE_SIGN_STYLE = Automatic;
				INFOPLIST_FILE = MusicBrowser/Info.plist;
				LD_RUNPATH_SEARCH_PATHS = (
					"$(inherited)",
					"@executable_path/Frameworks",
				);
				PRODUCT_BUNDLE_IDENTIFIER = com.gzafra.MusicBrowser;
				PRODUCT_NAME = "$(TARGET_NAME)";
				SWIFT_VERSION = 4.2;
				TARGETED_DEVICE_FAMILY = "1,2";
			};
			name = Debug;
		};
		B606D13C21EF69930072FFDB /* Release */ = {
			isa = XCBuildConfiguration;
			buildSettings = {
				ASSETCATALOG_COMPILER_APPICON_NAME = AppIcon;
				CODE_SIGN_STYLE = Automatic;
				INFOPLIST_FILE = MusicBrowser/Info.plist;
				LD_RUNPATH_SEARCH_PATHS = (
					"$(inherited)",
					"@executable_path/Frameworks",
				);
				PRODUCT_BUNDLE_IDENTIFIER = com.gzafra.MusicBrowser;
				PRODUCT_NAME = "$(TARGET_NAME)";
				SWIFT_VERSION = 4.2;
				TARGETED_DEVICE_FAMILY = "1,2";
			};
			name = Release;
		};
		B606D13E21EF69930072FFDB /* Debug */ = {
			isa = XCBuildConfiguration;
			buildSettings = {
				ALWAYS_EMBED_SWIFT_STANDARD_LIBRARIES = YES;
				BUNDLE_LOADER = "$(TEST_HOST)";
				CODE_SIGN_STYLE = Automatic;
				INFOPLIST_FILE = MusicBrowserTests/Info.plist;
				LD_RUNPATH_SEARCH_PATHS = (
					"$(inherited)",
					"@executable_path/Frameworks",
					"@loader_path/Frameworks",
				);
				PRODUCT_BUNDLE_IDENTIFIER = com.gzafra.MusicBrowserTests;
				PRODUCT_NAME = "$(TARGET_NAME)";
				SWIFT_VERSION = 4.2;
				TARGETED_DEVICE_FAMILY = "1,2";
				TEST_HOST = "$(BUILT_PRODUCTS_DIR)/MusicBrowser.app/MusicBrowser";
			};
			name = Debug;
		};
		B606D13F21EF69930072FFDB /* Release */ = {
			isa = XCBuildConfiguration;
			buildSettings = {
				ALWAYS_EMBED_SWIFT_STANDARD_LIBRARIES = YES;
				BUNDLE_LOADER = "$(TEST_HOST)";
				CODE_SIGN_STYLE = Automatic;
				INFOPLIST_FILE = MusicBrowserTests/Info.plist;
				LD_RUNPATH_SEARCH_PATHS = (
					"$(inherited)",
					"@executable_path/Frameworks",
					"@loader_path/Frameworks",
				);
				PRODUCT_BUNDLE_IDENTIFIER = com.gzafra.MusicBrowserTests;
				PRODUCT_NAME = "$(TARGET_NAME)";
				SWIFT_VERSION = 4.2;
				TARGETED_DEVICE_FAMILY = "1,2";
				TEST_HOST = "$(BUILT_PRODUCTS_DIR)/MusicBrowser.app/MusicBrowser";
			};
			name = Release;
		};
/* End XCBuildConfiguration section */

/* Begin XCConfigurationList section */
		B606D11821EF69910072FFDB /* Build configuration list for PBXProject "MusicBrowser" */ = {
			isa = XCConfigurationList;
			buildConfigurations = (
				B606D13821EF69930072FFDB /* Debug */,
				B606D13921EF69930072FFDB /* Release */,
			);
			defaultConfigurationIsVisible = 0;
			defaultConfigurationName = Release;
		};
		B606D13A21EF69930072FFDB /* Build configuration list for PBXNativeTarget "MusicBrowser" */ = {
			isa = XCConfigurationList;
			buildConfigurations = (
				B606D13B21EF69930072FFDB /* Debug */,
				B606D13C21EF69930072FFDB /* Release */,
			);
			defaultConfigurationIsVisible = 0;
			defaultConfigurationName = Release;
		};
		B606D13D21EF69930072FFDB /* Build configuration list for PBXNativeTarget "MusicBrowserTests" */ = {
			isa = XCConfigurationList;
			buildConfigurations = (
				B606D13E21EF69930072FFDB /* Debug */,
				B606D13F21EF69930072FFDB /* Release */,
			);
			defaultConfigurationIsVisible = 0;
			defaultConfigurationName = Release;
		};
/* End XCConfigurationList section */
	};
	rootObject = B606D11521EF69910072FFDB /* Project object */;
}
