// !$*UTF8*$!
{
	archiveVersion = 1;
	classes = {
	};
	objectVersion = 50;
	objects = {

/* Begin PBXBuildFile section */
		B606D12121EF69910072FFDB /* AppDelegate.swift in Sources */ = {isa = PBXBuildFile; fileRef = B606D12021EF69910072FFDB /* AppDelegate.swift */; };
		B606D12821EF69920072FFDB /* Assets.xcassets in Resources */ = {isa = PBXBuildFile; fileRef = B606D12721EF69920072FFDB /* Assets.xcassets */; };
		B606D12B21EF69920072FFDB /* LaunchScreen.storyboard in Resources */ = {isa = PBXBuildFile; fileRef = B606D12921EF69920072FFDB /* LaunchScreen.storyboard */; };
		B606D13621EF69930072FFDB /* MusicBrowserTests.swift in Sources */ = {isa = PBXBuildFile; fileRef = B606D13521EF69930072FFDB /* MusicBrowserTests.swift */; };
		B606D14721EF6AC40072FFDB /* RequestProtocol.swift in Sources */ = {isa = PBXBuildFile; fileRef = B606D14621EF6AC40072FFDB /* RequestProtocol.swift */; };
		B606D14921EF6ADA0072FFDB /* RequestManagerProtocol.swift in Sources */ = {isa = PBXBuildFile; fileRef = B606D14821EF6ADA0072FFDB /* RequestManagerProtocol.swift */; };
		B606D14B21EF6AF50072FFDB /* Result.swift in Sources */ = {isa = PBXBuildFile; fileRef = B606D14A21EF6AF50072FFDB /* Result.swift */; };
		B606D14D21EF6B1B0072FFDB /* RequestManager.swift in Sources */ = {isa = PBXBuildFile; fileRef = B606D14C21EF6B1B0072FFDB /* RequestManager.swift */; };
		B606D14F21EF6B380072FFDB /* EndpointProtocol.swift in Sources */ = {isa = PBXBuildFile; fileRef = B606D14E21EF6B380072FFDB /* EndpointProtocol.swift */; };
		B606D15121EF6B490072FFDB /* ResultError.swift in Sources */ = {isa = PBXBuildFile; fileRef = B606D15021EF6B490072FFDB /* ResultError.swift */; };
		B606D15321EF6B5B0072FFDB /* HTTPCode.swift in Sources */ = {isa = PBXBuildFile; fileRef = B606D15221EF6B5B0072FFDB /* HTTPCode.swift */; };
		B606D15621EF6B8E0072FFDB /* LayoutExtensions.swift in Sources */ = {isa = PBXBuildFile; fileRef = B606D15521EF6B8E0072FFDB /* LayoutExtensions.swift */; };
		B606D15921EF6C1C0072FFDB /* BrowseSongsProtocols.swift in Sources */ = {isa = PBXBuildFile; fileRef = B606D15821EF6C1C0072FFDB /* BrowseSongsProtocols.swift */; };
		B606D15C21EF6C480072FFDB /* BrowseSongsInteractor.swift in Sources */ = {isa = PBXBuildFile; fileRef = B606D15B21EF6C480072FFDB /* BrowseSongsInteractor.swift */; };
		B606D15F21EF6CA20072FFDB /* SongData.swift in Sources */ = {isa = PBXBuildFile; fileRef = B606D15E21EF6CA20072FFDB /* SongData.swift */; };
		B606D16321EF6D320072FFDB /* BrowseSongsPresenter.swift in Sources */ = {isa = PBXBuildFile; fileRef = B606D16221EF6D320072FFDB /* BrowseSongsPresenter.swift */; };
		B606D16521EF6D3B0072FFDB /* BrowseSongsViewModel.swift in Sources */ = {isa = PBXBuildFile; fileRef = B606D16421EF6D3B0072FFDB /* BrowseSongsViewModel.swift */; };
		B606D16921EF6DBA0072FFDB /* BrowseSongsViewController.swift in Sources */ = {isa = PBXBuildFile; fileRef = B606D16821EF6DBA0072FFDB /* BrowseSongsViewController.swift */; };
		B606D16C21EF6E4F0072FFDB /* SongListCell.swift in Sources */ = {isa = PBXBuildFile; fileRef = B606D16A21EF6E4F0072FFDB /* SongListCell.swift */; };
		B606D16D21EF6E4F0072FFDB /* SongListCell.xib in Resources */ = {isa = PBXBuildFile; fileRef = B606D16B21EF6E4F0072FFDB /* SongListCell.xib */; };
		B606D17021EF73050072FFDB /* BrowseSongsRouter.swift in Sources */ = {isa = PBXBuildFile; fileRef = B606D16F21EF73050072FFDB /* BrowseSongsRouter.swift */; };
		B606D17321EF90B80072FFDB /* SearchSongsRequest.swift in Sources */ = {isa = PBXBuildFile; fileRef = B606D17221EF90B80072FFDB /* SearchSongsRequest.swift */; };
		B606D17521EF91090072FFDB /* ITunesEndpoints.swift in Sources */ = {isa = PBXBuildFile; fileRef = B606D17421EF91090072FFDB /* ITunesEndpoints.swift */; };
		B606D17721EF95300072FFDB /* SearchSongsResponse.swift in Sources */ = {isa = PBXBuildFile; fileRef = B606D17621EF95300072FFDB /* SearchSongsResponse.swift */; };
		B606D17B21EFA0020072FFDB /* UIAlertControllerExtensions.swift in Sources */ = {isa = PBXBuildFile; fileRef = B606D17A21EFA0020072FFDB /* UIAlertControllerExtensions.swift */; };
		B606D18121EFB57A0072FFDB /* SongDetailProtocols.swift in Sources */ = {isa = PBXBuildFile; fileRef = B606D18021EFB57A0072FFDB /* SongDetailProtocols.swift */; };
		B606D18321EFB6460072FFDB /* SongDetailViewModel.swift in Sources */ = {isa = PBXBuildFile; fileRef = B606D18221EFB6460072FFDB /* SongDetailViewModel.swift */; };
		B606D18521EFB6800072FFDB /* SongDetailInteractor.swift in Sources */ = {isa = PBXBuildFile; fileRef = B606D18421EFB6800072FFDB /* SongDetailInteractor.swift */; };
		B606D18721EFB75D0072FFDB /* SongDetailViewController.swift in Sources */ = {isa = PBXBuildFile; fileRef = B606D18621EFB75D0072FFDB /* SongDetailViewController.swift */; };
		B606D18921EFB77E0072FFDB /* SongDetailRouter.swift in Sources */ = {isa = PBXBuildFile; fileRef = B606D18821EFB77E0072FFDB /* SongDetailRouter.swift */; };
		B606D18B21EFB7DA0072FFDB /* SongDetailPresenter.swift in Sources */ = {isa = PBXBuildFile; fileRef = B606D18A21EFB7DA0072FFDB /* SongDetailPresenter.swift */; };
		B606D19A21F072540072FFDB /* SongListDataSource.swift in Sources */ = {isa = PBXBuildFile; fileRef = B606D19921F072540072FFDB /* SongListDataSource.swift */; };
		B606D19C21F07E950072FFDB /* Images.swift in Sources */ = {isa = PBXBuildFile; fileRef = B606D19B21F07E950072FFDB /* Images.swift */; };
		B606D1A021F09C650072FFDB /* AVKit.framework in Frameworks */ = {isa = PBXBuildFile; fileRef = B606D19E21F09C650072FFDB /* AVKit.framework */; };
		B606D1A121F09C650072FFDB /* AVFoundation.framework in Frameworks */ = {isa = PBXBuildFile; fileRef = B606D19F21F09C650072FFDB /* AVFoundation.framework */; };
		B606D1A421F0C6290072FFDB /* SortOption.swift in Sources */ = {isa = PBXBuildFile; fileRef = B606D1A321F0C6290072FFDB /* SortOption.swift */; };
		B606D1A821F0D2510072FFDB /* LoadingView.swift in Sources */ = {isa = PBXBuildFile; fileRef = B606D1A621F0D2510072FFDB /* LoadingView.swift */; };
		B606D1A921F0D2510072FFDB /* LoadingView.xib in Resources */ = {isa = PBXBuildFile; fileRef = B606D1A721F0D2510072FFDB /* LoadingView.xib */; };
		B606D1AB21F0D5420072FFDB /* LoadingViewController.swift in Sources */ = {isa = PBXBuildFile; fileRef = B606D1AA21F0D5420072FFDB /* LoadingViewController.swift */; };
		B7A7A1D7DBCAC220C0C43D01 /* Pods_MusicBrowser.framework in Frameworks */ = {isa = PBXBuildFile; fileRef = 21F14CC794AD9995A4EDFACE /* Pods_MusicBrowser.framework */; };
		D908FE8D9FF872EF5731EB98 /* Pods_MusicBrowserTests.framework in Frameworks */ = {isa = PBXBuildFile; fileRef = C6C88F308113A32D8A9FCF5B /* Pods_MusicBrowserTests.framework */; };
/* End PBXBuildFile section */

/* Begin PBXContainerItemProxy section */
		B606D13221EF69920072FFDB /* PBXContainerItemProxy */ = {
			isa = PBXContainerItemProxy;
			containerPortal = B606D11521EF69910072FFDB /* Project object */;
			proxyType = 1;
			remoteGlobalIDString = B606D11C21EF69910072FFDB;
			remoteInfo = MusicBrowser;
		};
/* End PBXContainerItemProxy section */

/* Begin PBXFileReference section */
		18D07BFFBC46BA6E15F7749B /* Pods-MusicBrowserTests.debug.xcconfig */ = {isa = PBXFileReference; includeInIndex = 1; lastKnownFileType = text.xcconfig; name = "Pods-MusicBrowserTests.debug.xcconfig"; path = "Pods/Target Support Files/Pods-MusicBrowserTests/Pods-MusicBrowserTests.debug.xcconfig"; sourceTree = "<group>"; };
		21F14CC794AD9995A4EDFACE /* Pods_MusicBrowser.framework */ = {isa = PBXFileReference; explicitFileType = wrapper.framework; includeInIndex = 0; path = Pods_MusicBrowser.framework; sourceTree = BUILT_PRODUCTS_DIR; };
		51392B4EB08BF0E8D9562643 /* Pods-MusicBrowser.release.xcconfig */ = {isa = PBXFileReference; includeInIndex = 1; lastKnownFileType = text.xcconfig; name = "Pods-MusicBrowser.release.xcconfig"; path = "Pods/Target Support Files/Pods-MusicBrowser/Pods-MusicBrowser.release.xcconfig"; sourceTree = "<group>"; };
		8D2D821228311FDE95B63931 /* Pods-MusicBrowser.debug.xcconfig */ = {isa = PBXFileReference; includeInIndex = 1; lastKnownFileType = text.xcconfig; name = "Pods-MusicBrowser.debug.xcconfig"; path = "Pods/Target Support Files/Pods-MusicBrowser/Pods-MusicBrowser.debug.xcconfig"; sourceTree = "<group>"; };
		B606D11D21EF69910072FFDB /* MusicBrowser.app */ = {isa = PBXFileReference; explicitFileType = wrapper.application; includeInIndex = 0; path = MusicBrowser.app; sourceTree = BUILT_PRODUCTS_DIR; };
		B606D12021EF69910072FFDB /* AppDelegate.swift */ = {isa = PBXFileReference; lastKnownFileType = sourcecode.swift; path = AppDelegate.swift; sourceTree = "<group>"; };
		B606D12721EF69920072FFDB /* Assets.xcassets */ = {isa = PBXFileReference; lastKnownFileType = folder.assetcatalog; path = Assets.xcassets; sourceTree = "<group>"; };
		B606D12A21EF69920072FFDB /* Base */ = {isa = PBXFileReference; lastKnownFileType = file.storyboard; name = Base; path = Base.lproj/LaunchScreen.storyboard; sourceTree = "<group>"; };
		B606D12C21EF69920072FFDB /* Info.plist */ = {isa = PBXFileReference; lastKnownFileType = text.plist.xml; path = Info.plist; sourceTree = "<group>"; };
		B606D13121EF69920072FFDB /* MusicBrowserTests.xctest */ = {isa = PBXFileReference; explicitFileType = wrapper.cfbundle; includeInIndex = 0; path = MusicBrowserTests.xctest; sourceTree = BUILT_PRODUCTS_DIR; };
		B606D13521EF69930072FFDB /* MusicBrowserTests.swift */ = {isa = PBXFileReference; lastKnownFileType = sourcecode.swift; path = MusicBrowserTests.swift; sourceTree = "<group>"; };
		B606D13721EF69930072FFDB /* Info.plist */ = {isa = PBXFileReference; lastKnownFileType = text.plist.xml; path = Info.plist; sourceTree = "<group>"; };
		B606D14621EF6AC40072FFDB /* RequestProtocol.swift */ = {isa = PBXFileReference; lastKnownFileType = sourcecode.swift; path = RequestProtocol.swift; sourceTree = "<group>"; };
		B606D14821EF6ADA0072FFDB /* RequestManagerProtocol.swift */ = {isa = PBXFileReference; lastKnownFileType = sourcecode.swift; path = RequestManagerProtocol.swift; sourceTree = "<group>"; };
		B606D14A21EF6AF50072FFDB /* Result.swift */ = {isa = PBXFileReference; lastKnownFileType = sourcecode.swift; path = Result.swift; sourceTree = "<group>"; };
		B606D14C21EF6B1B0072FFDB /* RequestManager.swift */ = {isa = PBXFileReference; lastKnownFileType = sourcecode.swift; path = RequestManager.swift; sourceTree = "<group>"; };
		B606D14E21EF6B380072FFDB /* EndpointProtocol.swift */ = {isa = PBXFileReference; lastKnownFileType = sourcecode.swift; path = EndpointProtocol.swift; sourceTree = "<group>"; };
		B606D15021EF6B490072FFDB /* ResultError.swift */ = {isa = PBXFileReference; lastKnownFileType = sourcecode.swift; path = ResultError.swift; sourceTree = "<group>"; };
		B606D15221EF6B5B0072FFDB /* HTTPCode.swift */ = {isa = PBXFileReference; lastKnownFileType = sourcecode.swift; path = HTTPCode.swift; sourceTree = "<group>"; };
		B606D15521EF6B8E0072FFDB /* LayoutExtensions.swift */ = {isa = PBXFileReference; lastKnownFileType = sourcecode.swift; path = LayoutExtensions.swift; sourceTree = "<group>"; };
		B606D15821EF6C1C0072FFDB /* BrowseSongsProtocols.swift */ = {isa = PBXFileReference; lastKnownFileType = sourcecode.swift; path = BrowseSongsProtocols.swift; sourceTree = "<group>"; };
		B606D15B21EF6C480072FFDB /* BrowseSongsInteractor.swift */ = {isa = PBXFileReference; lastKnownFileType = sourcecode.swift; path = BrowseSongsInteractor.swift; sourceTree = "<group>"; };
		B606D15E21EF6CA20072FFDB /* SongData.swift */ = {isa = PBXFileReference; lastKnownFileType = sourcecode.swift; path = SongData.swift; sourceTree = "<group>"; };
		B606D16221EF6D320072FFDB /* BrowseSongsPresenter.swift */ = {isa = PBXFileReference; lastKnownFileType = sourcecode.swift; path = BrowseSongsPresenter.swift; sourceTree = "<group>"; };
		B606D16421EF6D3B0072FFDB /* BrowseSongsViewModel.swift */ = {isa = PBXFileReference; lastKnownFileType = sourcecode.swift; path = BrowseSongsViewModel.swift; sourceTree = "<group>"; };
		B606D16821EF6DBA0072FFDB /* BrowseSongsViewController.swift */ = {isa = PBXFileReference; lastKnownFileType = sourcecode.swift; path = BrowseSongsViewController.swift; sourceTree = "<group>"; };
		B606D16A21EF6E4F0072FFDB /* SongListCell.swift */ = {isa = PBXFileReference; lastKnownFileType = sourcecode.swift; path = SongListCell.swift; sourceTree = "<group>"; };
		B606D16B21EF6E4F0072FFDB /* SongListCell.xib */ = {isa = PBXFileReference; lastKnownFileType = file.xib; path = SongListCell.xib; sourceTree = "<group>"; };
		B606D16F21EF73050072FFDB /* BrowseSongsRouter.swift */ = {isa = PBXFileReference; lastKnownFileType = sourcecode.swift; path = BrowseSongsRouter.swift; sourceTree = "<group>"; };
		B606D17221EF90B80072FFDB /* SearchSongsRequest.swift */ = {isa = PBXFileReference; lastKnownFileType = sourcecode.swift; path = SearchSongsRequest.swift; sourceTree = "<group>"; };
		B606D17421EF91090072FFDB /* ITunesEndpoints.swift */ = {isa = PBXFileReference; lastKnownFileType = sourcecode.swift; path = ITunesEndpoints.swift; sourceTree = "<group>"; };
		B606D17621EF95300072FFDB /* SearchSongsResponse.swift */ = {isa = PBXFileReference; lastKnownFileType = sourcecode.swift; path = SearchSongsResponse.swift; sourceTree = "<group>"; };
		B606D17A21EFA0020072FFDB /* UIAlertControllerExtensions.swift */ = {isa = PBXFileReference; lastKnownFileType = sourcecode.swift; path = UIAlertControllerExtensions.swift; sourceTree = "<group>"; };
		B606D18021EFB57A0072FFDB /* SongDetailProtocols.swift */ = {isa = PBXFileReference; lastKnownFileType = sourcecode.swift; path = SongDetailProtocols.swift; sourceTree = "<group>"; };
		B606D18221EFB6460072FFDB /* SongDetailViewModel.swift */ = {isa = PBXFileReference; lastKnownFileType = sourcecode.swift; path = SongDetailViewModel.swift; sourceTree = "<group>"; };
		B606D18421EFB6800072FFDB /* SongDetailInteractor.swift */ = {isa = PBXFileReference; lastKnownFileType = sourcecode.swift; path = SongDetailInteractor.swift; sourceTree = "<group>"; };
		B606D18621EFB75D0072FFDB /* SongDetailViewController.swift */ = {isa = PBXFileReference; lastKnownFileType = sourcecode.swift; path = SongDetailViewController.swift; sourceTree = "<group>"; };
		B606D18821EFB77E0072FFDB /* SongDetailRouter.swift */ = {isa = PBXFileReference; lastKnownFileType = sourcecode.swift; path = SongDetailRouter.swift; sourceTree = "<group>"; };
		B606D18A21EFB7DA0072FFDB /* SongDetailPresenter.swift */ = {isa = PBXFileReference; lastKnownFileType = sourcecode.swift; path = SongDetailPresenter.swift; sourceTree = "<group>"; };
		B606D19921F072540072FFDB /* SongListDataSource.swift */ = {isa = PBXFileReference; lastKnownFileType = sourcecode.swift; path = SongListDataSource.swift; sourceTree = "<group>"; };
		B606D19B21F07E950072FFDB /* Images.swift */ = {isa = PBXFileReference; lastKnownFileType = sourcecode.swift; path = Images.swift; sourceTree = "<group>"; };
		B606D19E21F09C650072FFDB /* AVKit.framework */ = {isa = PBXFileReference; lastKnownFileType = wrapper.framework; name = AVKit.framework; path = System/Library/Frameworks/AVKit.framework; sourceTree = SDKROOT; };
		B606D19F21F09C650072FFDB /* AVFoundation.framework */ = {isa = PBXFileReference; lastKnownFileType = wrapper.framework; name = AVFoundation.framework; path = System/Library/Frameworks/AVFoundation.framework; sourceTree = SDKROOT; };
		B606D1A321F0C6290072FFDB /* SortOption.swift */ = {isa = PBXFileReference; lastKnownFileType = sourcecode.swift; path = SortOption.swift; sourceTree = "<group>"; };
		B606D1A621F0D2510072FFDB /* LoadingView.swift */ = {isa = PBXFileReference; fileEncoding = 4; lastKnownFileType = sourcecode.swift; path = LoadingView.swift; sourceTree = "<group>"; };
		B606D1A721F0D2510072FFDB /* LoadingView.xib */ = {isa = PBXFileReference; fileEncoding = 4; lastKnownFileType = file.xib; path = LoadingView.xib; sourceTree = "<group>"; };
		B606D1AA21F0D5420072FFDB /* LoadingViewController.swift */ = {isa = PBXFileReference; lastKnownFileType = sourcecode.swift; path = LoadingViewController.swift; sourceTree = "<group>"; };
		C6C88F308113A32D8A9FCF5B /* Pods_MusicBrowserTests.framework */ = {isa = PBXFileReference; explicitFileType = wrapper.framework; includeInIndex = 0; path = Pods_MusicBrowserTests.framework; sourceTree = BUILT_PRODUCTS_DIR; };
		F12131A729466857873E8CE3 /* Pods-MusicBrowserTests.release.xcconfig */ = {isa = PBXFileReference; includeInIndex = 1; lastKnownFileType = text.xcconfig; name = "Pods-MusicBrowserTests.release.xcconfig"; path = "Pods/Target Support Files/Pods-MusicBrowserTests/Pods-MusicBrowserTests.release.xcconfig"; sourceTree = "<group>"; };
/* End PBXFileReference section */

/* Begin PBXFrameworksBuildPhase section */
		B606D11A21EF69910072FFDB /* Frameworks */ = {
			isa = PBXFrameworksBuildPhase;
			buildActionMask = 2147483647;
			files = (
				B606D1A021F09C650072FFDB /* AVKit.framework in Frameworks */,
				B606D1A121F09C650072FFDB /* AVFoundation.framework in Frameworks */,
				B7A7A1D7DBCAC220C0C43D01 /* Pods_MusicBrowser.framework in Frameworks */,
			);
			runOnlyForDeploymentPostprocessing = 0;
		};
		B606D12E21EF69920072FFDB /* Frameworks */ = {
			isa = PBXFrameworksBuildPhase;
			buildActionMask = 2147483647;
			files = (
				D908FE8D9FF872EF5731EB98 /* Pods_MusicBrowserTests.framework in Frameworks */,
			);
			runOnlyForDeploymentPostprocessing = 0;
		};
/* End PBXFrameworksBuildPhase section */

/* Begin PBXGroup section */
		967CD88A29223D23CAF198FB /* Pods */ = {
			isa = PBXGroup;
			children = (
				8D2D821228311FDE95B63931 /* Pods-MusicBrowser.debug.xcconfig */,
				51392B4EB08BF0E8D9562643 /* Pods-MusicBrowser.release.xcconfig */,
				18D07BFFBC46BA6E15F7749B /* Pods-MusicBrowserTests.debug.xcconfig */,
				F12131A729466857873E8CE3 /* Pods-MusicBrowserTests.release.xcconfig */,
			);
			name = Pods;
			sourceTree = "<group>";
		};
		B606D11421EF69910072FFDB = {
			isa = PBXGroup;
			children = (
				B606D11F21EF69910072FFDB /* MusicBrowser */,
				B606D13421EF69930072FFDB /* MusicBrowserTests */,
				B606D11E21EF69910072FFDB /* Products */,
				B606D19D21F09C650072FFDB /* Frameworks */,
				967CD88A29223D23CAF198FB /* Pods */,
			);
			sourceTree = "<group>";
		};
		B606D11E21EF69910072FFDB /* Products */ = {
			isa = PBXGroup;
			children = (
				B606D11D21EF69910072FFDB /* MusicBrowser.app */,
				B606D13121EF69920072FFDB /* MusicBrowserTests.xctest */,
			);
			name = Products;
			sourceTree = "<group>";
		};
		B606D11F21EF69910072FFDB /* MusicBrowser */ = {
			isa = PBXGroup;
			children = (
				B606D18E21F06E2D0072FFDB /* Data */,
				B606D18D21F06E230072FFDB /* Domain */,
				B606D18C21F06E1B0072FFDB /* Presentation */,
				B606D14021EF6A110072FFDB /* Resources */,
				B606D12021EF69910072FFDB /* AppDelegate.swift */,
				B606D12C21EF69920072FFDB /* Info.plist */,
			);
			path = MusicBrowser;
			sourceTree = "<group>";
		};
		B606D13421EF69930072FFDB /* MusicBrowserTests */ = {
			isa = PBXGroup;
			children = (
				B606D13521EF69930072FFDB /* MusicBrowserTests.swift */,
				B606D13721EF69930072FFDB /* Info.plist */,
			);
			path = MusicBrowserTests;
			sourceTree = "<group>";
		};
		B606D14021EF6A110072FFDB /* Resources */ = {
			isa = PBXGroup;
			children = (
				B606D12721EF69920072FFDB /* Assets.xcassets */,
				B606D12921EF69920072FFDB /* LaunchScreen.storyboard */,
				B606D19B21F07E950072FFDB /* Images.swift */,
			);
			path = Resources;
			sourceTree = "<group>";
		};
		B606D14121EF6A190072FFDB /* Common */ = {
			isa = PBXGroup;
			children = (
				B606D1A521F0D2320072FFDB /* Views */,
				B606D15421EF6B7C0072FFDB /* Extensions */,
			);
			path = Common;
			sourceTree = "<group>";
		};
		B606D14421EF6AA70072FFDB /* Network */ = {
			isa = PBXGroup;
			children = (
				B606D17221EF90B80072FFDB /* SearchSongsRequest.swift */,
				B606D17421EF91090072FFDB /* ITunesEndpoints.swift */,
				B606D19621F070A60072FFDB /* Common */,
			);
			path = Network;
			sourceTree = "<group>";
		};
		B606D14521EF6AAD0072FFDB /* Protocols */ = {
			isa = PBXGroup;
			children = (
				B606D14621EF6AC40072FFDB /* RequestProtocol.swift */,
				B606D14821EF6ADA0072FFDB /* RequestManagerProtocol.swift */,
				B606D14E21EF6B380072FFDB /* EndpointProtocol.swift */,
			);
			path = Protocols;
			sourceTree = "<group>";
		};
		B606D15421EF6B7C0072FFDB /* Extensions */ = {
			isa = PBXGroup;
			children = (
				B606D17921EF9FF00072FFDB /* UIAlert */,
				B606D15721EF6B940072FFDB /* UIView */,
				B606D1AA21F0D5420072FFDB /* LoadingViewController.swift */,
			);
			path = Extensions;
			sourceTree = "<group>";
		};
		B606D15721EF6B940072FFDB /* UIView */ = {
			isa = PBXGroup;
			children = (
				B606D15521EF6B8E0072FFDB /* LayoutExtensions.swift */,
			);
			path = UIView;
			sourceTree = "<group>";
		};
		B606D17921EF9FF00072FFDB /* UIAlert */ = {
			isa = PBXGroup;
			children = (
				B606D17A21EFA0020072FFDB /* UIAlertControllerExtensions.swift */,
			);
			path = UIAlert;
			sourceTree = "<group>";
		};
		B606D18C21F06E1B0072FFDB /* Presentation */ = {
			isa = PBXGroup;
			children = (
				B606D14121EF6A190072FFDB /* Common */,
				B606D19421F06F320072FFDB /* BrowseDetails */,
				B606D19321F06F2B0072FFDB /* SongDetail */,
			);
			path = Presentation;
			sourceTree = "<group>";
		};
		B606D18D21F06E230072FFDB /* Domain */ = {
			isa = PBXGroup;
			children = (
				B606D19521F070680072FFDB /* Common */,
				B606D19221F06E920072FFDB /* BrowseSongs */,
				B606D19121F06E7A0072FFDB /* SongDetail */,
			);
			path = Domain;
			sourceTree = "<group>";
		};
		B606D18E21F06E2D0072FFDB /* Data */ = {
			isa = PBXGroup;
			children = (
				B606D19021F06E6A0072FFDB /* Model */,
				B606D14421EF6AA70072FFDB /* Network */,
			);
			path = Data;
			sourceTree = "<group>";
		};
		B606D19021F06E6A0072FFDB /* Model */ = {
			isa = PBXGroup;
			children = (
				B606D15E21EF6CA20072FFDB /* SongData.swift */,
				B606D17621EF95300072FFDB /* SearchSongsResponse.swift */,
			);
			path = Model;
			sourceTree = "<group>";
		};
		B606D19121F06E7A0072FFDB /* SongDetail */ = {
			isa = PBXGroup;
			children = (
				B606D18821EFB77E0072FFDB /* SongDetailRouter.swift */,
				B606D18421EFB6800072FFDB /* SongDetailInteractor.swift */,
				B606D18A21EFB7DA0072FFDB /* SongDetailPresenter.swift */,
				B606D18021EFB57A0072FFDB /* SongDetailProtocols.swift */,
			);
			path = SongDetail;
			sourceTree = "<group>";
		};
		B606D19221F06E920072FFDB /* BrowseSongs */ = {
			isa = PBXGroup;
			children = (
				B606D16F21EF73050072FFDB /* BrowseSongsRouter.swift */,
				B606D16221EF6D320072FFDB /* BrowseSongsPresenter.swift */,
				B606D15B21EF6C480072FFDB /* BrowseSongsInteractor.swift */,
				B606D15821EF6C1C0072FFDB /* BrowseSongsProtocols.swift */,
			);
			path = BrowseSongs;
			sourceTree = "<group>";
		};
		B606D19321F06F2B0072FFDB /* SongDetail */ = {
			isa = PBXGroup;
			children = (
				B606D19821F070DE0072FFDB /* ViewModel */,
				B606D18621EFB75D0072FFDB /* SongDetailViewController.swift */,
			);
			path = SongDetail;
			sourceTree = "<group>";
		};
		B606D19421F06F320072FFDB /* BrowseDetails */ = {
			isa = PBXGroup;
			children = (
				B606D1A221F0C61A0072FFDB /* Sorting */,
				B606D19721F070D90072FFDB /* ViewModel */,
				B606D16821EF6DBA0072FFDB /* BrowseSongsViewController.swift */,
				B606D16A21EF6E4F0072FFDB /* SongListCell.swift */,
				B606D16B21EF6E4F0072FFDB /* SongListCell.xib */,
			);
			path = BrowseDetails;
			sourceTree = "<group>";
		};
		B606D19521F070680072FFDB /* Common */ = {
			isa = PBXGroup;
			children = (
				B606D19921F072540072FFDB /* SongListDataSource.swift */,
			);
			path = Common;
			sourceTree = "<group>";
		};
		B606D19621F070A60072FFDB /* Common */ = {
			isa = PBXGroup;
			children = (
				B606D14521EF6AAD0072FFDB /* Protocols */,
				B606D14A21EF6AF50072FFDB /* Result.swift */,
				B606D14C21EF6B1B0072FFDB /* RequestManager.swift */,
				B606D15021EF6B490072FFDB /* ResultError.swift */,
				B606D15221EF6B5B0072FFDB /* HTTPCode.swift */,
			);
			path = Common;
			sourceTree = "<group>";
		};
		B606D19721F070D90072FFDB /* ViewModel */ = {
			isa = PBXGroup;
			children = (
				B606D16421EF6D3B0072FFDB /* BrowseSongsViewModel.swift */,
			);
			path = ViewModel;
			sourceTree = "<group>";
		};
		B606D19821F070DE0072FFDB /* ViewModel */ = {
			isa = PBXGroup;
			children = (
				B606D18221EFB6460072FFDB /* SongDetailViewModel.swift */,
			);
			path = ViewModel;
			sourceTree = "<group>";
		};
		B606D19D21F09C650072FFDB /* Frameworks */ = {
			isa = PBXGroup;
			children = (
				B606D19F21F09C650072FFDB /* AVFoundation.framework */,
				B606D19E21F09C650072FFDB /* AVKit.framework */,
				21F14CC794AD9995A4EDFACE /* Pods_MusicBrowser.framework */,
				C6C88F308113A32D8A9FCF5B /* Pods_MusicBrowserTests.framework */,
			);
			name = Frameworks;
			sourceTree = "<group>";
		};
		B606D1A221F0C61A0072FFDB /* Sorting */ = {
			isa = PBXGroup;
			children = (
				B606D1A321F0C6290072FFDB /* SortOption.swift */,
			);
			path = Sorting;
			sourceTree = "<group>";
		};
		B606D1A521F0D2320072FFDB /* Views */ = {
			isa = PBXGroup;
			children = (
				B606D1A621F0D2510072FFDB /* LoadingView.swift */,
				B606D1A721F0D2510072FFDB /* LoadingView.xib */,
			);
			path = Views;
			sourceTree = "<group>";
		};
/* End PBXGroup section */

/* Begin PBXNativeTarget section */
		B606D11C21EF69910072FFDB /* MusicBrowser */ = {
			isa = PBXNativeTarget;
			buildConfigurationList = B606D13A21EF69930072FFDB /* Build configuration list for PBXNativeTarget "MusicBrowser" */;
			buildPhases = (
				C1985E09519426A7A4AD3B68 /* [CP] Check Pods Manifest.lock */,
				B606D11921EF69910072FFDB /* Sources */,
				B606D11A21EF69910072FFDB /* Frameworks */,
				B606D11B21EF69910072FFDB /* Resources */,
				4D5C41322F94E2F22A989B07 /* [CP] Embed Pods Frameworks */,
			);
			buildRules = (
			);
			dependencies = (
			);
			name = MusicBrowser;
			productName = MusicBrowser;
			productReference = B606D11D21EF69910072FFDB /* MusicBrowser.app */;
			productType = "com.apple.product-type.application";
		};
		B606D13021EF69920072FFDB /* MusicBrowserTests */ = {
			isa = PBXNativeTarget;
			buildConfigurationList = B606D13D21EF69930072FFDB /* Build configuration list for PBXNativeTarget "MusicBrowserTests" */;
			buildPhases = (
				C309C62C40EBB900A940FC93 /* [CP] Check Pods Manifest.lock */,
				B606D12D21EF69920072FFDB /* Sources */,
				B606D12E21EF69920072FFDB /* Frameworks */,
				B606D12F21EF69920072FFDB /* Resources */,
			);
			buildRules = (
			);
			dependencies = (
				B606D13321EF69920072FFDB /* PBXTargetDependency */,
			);
			name = MusicBrowserTests;
			productName = MusicBrowserTests;
			productReference = B606D13121EF69920072FFDB /* MusicBrowserTests.xctest */;
			productType = "com.apple.product-type.bundle.unit-test";
		};
/* End PBXNativeTarget section */

/* Begin PBXProject section */
		B606D11521EF69910072FFDB /* Project object */ = {
			isa = PBXProject;
			attributes = {
				LastSwiftUpdateCheck = 1010;
				LastUpgradeCheck = 1010;
				ORGANIZATIONNAME = "Guillermo Zafra";
				TargetAttributes = {
					B606D11C21EF69910072FFDB = {
						CreatedOnToolsVersion = 10.1;
					};
					B606D13021EF69920072FFDB = {
						CreatedOnToolsVersion = 10.1;
						TestTargetID = B606D11C21EF69910072FFDB;
					};
				};
			};
			buildConfigurationList = B606D11821EF69910072FFDB /* Build configuration list for PBXProject "MusicBrowser" */;
			compatibilityVersion = "Xcode 9.3";
			developmentRegion = en;
			hasScannedForEncodings = 0;
			knownRegions = (
				en,
				Base,
			);
			mainGroup = B606D11421EF69910072FFDB;
			productRefGroup = B606D11E21EF69910072FFDB /* Products */;
			projectDirPath = "";
			projectRoot = "";
			targets = (
				B606D11C21EF69910072FFDB /* MusicBrowser */,
				B606D13021EF69920072FFDB /* MusicBrowserTests */,
			);
		};
/* End PBXProject section */

/* Begin PBXResourcesBuildPhase section */
		B606D11B21EF69910072FFDB /* Resources */ = {
			isa = PBXResourcesBuildPhase;
			buildActionMask = 2147483647;
			files = (
				B606D16D21EF6E4F0072FFDB /* SongListCell.xib in Resources */,
				B606D12B21EF69920072FFDB /* LaunchScreen.storyboard in Resources */,
				B606D12821EF69920072FFDB /* Assets.xcassets in Resources */,
				B606D1A921F0D2510072FFDB /* LoadingView.xib in Resources */,
			);
			runOnlyForDeploymentPostprocessing = 0;
		};
		B606D12F21EF69920072FFDB /* Resources */ = {
			isa = PBXResourcesBuildPhase;
			buildActionMask = 2147483647;
			files = (
			);
			runOnlyForDeploymentPostprocessing = 0;
		};
/* End PBXResourcesBuildPhase section */

/* Begin PBXShellScriptBuildPhase section */
		4D5C41322F94E2F22A989B07 /* [CP] Embed Pods Frameworks */ = {
			isa = PBXShellScriptBuildPhase;
			buildActionMask = 2147483647;
			files = (
			);
			inputFileListPaths = (
			);
			inputPaths = (
				"${SRCROOT}/Pods/Target Support Files/Pods-MusicBrowser/Pods-MusicBrowser-frameworks.sh",
				"${BUILT_PRODUCTS_DIR}/Kingfisher/Kingfisher.framework",
			);
			name = "[CP] Embed Pods Frameworks";
			outputFileListPaths = (
			);
			outputPaths = (
				"${TARGET_BUILD_DIR}/${FRAMEWORKS_FOLDER_PATH}/Kingfisher.framework",
			);
			runOnlyForDeploymentPostprocessing = 0;
			shellPath = /bin/sh;
			shellScript = "\"${SRCROOT}/Pods/Target Support Files/Pods-MusicBrowser/Pods-MusicBrowser-frameworks.sh\"\n";
			showEnvVarsInLog = 0;
		};
		C1985E09519426A7A4AD3B68 /* [CP] Check Pods Manifest.lock */ = {
			isa = PBXShellScriptBuildPhase;
			buildActionMask = 2147483647;
			files = (
			);
			inputFileListPaths = (
			);
			inputPaths = (
				"${PODS_PODFILE_DIR_PATH}/Podfile.lock",
				"${PODS_ROOT}/Manifest.lock",
			);
			name = "[CP] Check Pods Manifest.lock";
			outputFileListPaths = (
			);
			outputPaths = (
				"$(DERIVED_FILE_DIR)/Pods-MusicBrowser-checkManifestLockResult.txt",
			);
			runOnlyForDeploymentPostprocessing = 0;
			shellPath = /bin/sh;
			shellScript = "diff \"${PODS_PODFILE_DIR_PATH}/Podfile.lock\" \"${PODS_ROOT}/Manifest.lock\" > /dev/null\nif [ $? != 0 ] ; then\n    # print error to STDERR\n    echo \"error: The sandbox is not in sync with the Podfile.lock. Run 'pod install' or update your CocoaPods installation.\" >&2\n    exit 1\nfi\n# This output is used by Xcode 'outputs' to avoid re-running this script phase.\necho \"SUCCESS\" > \"${SCRIPT_OUTPUT_FILE_0}\"\n";
			showEnvVarsInLog = 0;
		};
		C309C62C40EBB900A940FC93 /* [CP] Check Pods Manifest.lock */ = {
			isa = PBXShellScriptBuildPhase;
			buildActionMask = 2147483647;
			files = (
			);
			inputFileListPaths = (
			);
			inputPaths = (
				"${PODS_PODFILE_DIR_PATH}/Podfile.lock",
				"${PODS_ROOT}/Manifest.lock",
			);
			name = "[CP] Check Pods Manifest.lock";
			outputFileListPaths = (
			);
			outputPaths = (
				"$(DERIVED_FILE_DIR)/Pods-MusicBrowserTests-checkManifestLockResult.txt",
			);
			runOnlyForDeploymentPostprocessing = 0;
			shellPath = /bin/sh;
			shellScript = "diff \"${PODS_PODFILE_DIR_PATH}/Podfile.lock\" \"${PODS_ROOT}/Manifest.lock\" > /dev/null\nif [ $? != 0 ] ; then\n    # print error to STDERR\n    echo \"error: The sandbox is not in sync with the Podfile.lock. Run 'pod install' or update your CocoaPods installation.\" >&2\n    exit 1\nfi\n# This output is used by Xcode 'outputs' to avoid re-running this script phase.\necho \"SUCCESS\" > \"${SCRIPT_OUTPUT_FILE_0}\"\n";
			showEnvVarsInLog = 0;
		};
/* End PBXShellScriptBuildPhase section */

/* Begin PBXSourcesBuildPhase section */
		B606D11921EF69910072FFDB /* Sources */ = {
			isa = PBXSourcesBuildPhase;
			buildActionMask = 2147483647;
			files = (
				B606D18921EFB77E0072FFDB /* SongDetailRouter.swift in Sources */,
				B606D14721EF6AC40072FFDB /* RequestProtocol.swift in Sources */,
				B606D18721EFB75D0072FFDB /* SongDetailViewController.swift in Sources */,
				B606D17021EF73050072FFDB /* BrowseSongsRouter.swift in Sources */,
				B606D15F21EF6CA20072FFDB /* SongData.swift in Sources */,
				B606D19C21F07E950072FFDB /* Images.swift in Sources */,
				B606D1A421F0C6290072FFDB /* SortOption.swift in Sources */,
				B606D17721EF95300072FFDB /* SearchSongsResponse.swift in Sources */,
				B606D15321EF6B5B0072FFDB /* HTTPCode.swift in Sources */,
				B606D14B21EF6AF50072FFDB /* Result.swift in Sources */,
				B606D14921EF6ADA0072FFDB /* RequestManagerProtocol.swift in Sources */,
				B606D18B21EFB7DA0072FFDB /* SongDetailPresenter.swift in Sources */,
				B606D17321EF90B80072FFDB /* SearchSongsRequest.swift in Sources */,
				B606D16921EF6DBA0072FFDB /* BrowseSongsViewController.swift in Sources */,
				B606D18321EFB6460072FFDB /* SongDetailViewModel.swift in Sources */,
				B606D14D21EF6B1B0072FFDB /* RequestManager.swift in Sources */,
				B606D15C21EF6C480072FFDB /* BrowseSongsInteractor.swift in Sources */,
				B606D18121EFB57A0072FFDB /* SongDetailProtocols.swift in Sources */,
				B606D15921EF6C1C0072FFDB /* BrowseSongsProtocols.swift in Sources */,
				B606D1AB21F0D5420072FFDB /* LoadingViewController.swift in Sources */,
				B606D15121EF6B490072FFDB /* ResultError.swift in Sources */,
				B606D15621EF6B8E0072FFDB /* LayoutExtensions.swift in Sources */,
				B606D16C21EF6E4F0072FFDB /* SongListCell.swift in Sources */,
				B606D12121EF69910072FFDB /* AppDelegate.swift in Sources */,
				B606D18521EFB6800072FFDB /* SongDetailInteractor.swift in Sources */,
				B606D17B21EFA0020072FFDB /* UIAlertControllerExtensions.swift in Sources */,
				B606D14F21EF6B380072FFDB /* EndpointProtocol.swift in Sources */,
				B606D1A821F0D2510072FFDB /* LoadingView.swift in Sources */,
				B606D16521EF6D3B0072FFDB /* BrowseSongsViewModel.swift in Sources */,
				B606D19A21F072540072FFDB /* SongListDataSource.swift in Sources */,
				B606D16321EF6D320072FFDB /* BrowseSongsPresenter.swift in Sources */,
				B606D17521EF91090072FFDB /* ITunesEndpoints.swift in Sources */,
			);
			runOnlyForDeploymentPostprocessing = 0;
		};
		B606D12D21EF69920072FFDB /* Sources */ = {
			isa = PBXSourcesBuildPhase;
			buildActionMask = 2147483647;
			files = (
				B606D13621EF69930072FFDB /* MusicBrowserTests.swift in Sources */,
			);
			runOnlyForDeploymentPostprocessing = 0;
		};
/* End PBXSourcesBuildPhase section */

/* Begin PBXTargetDependency section */
		B606D13321EF69920072FFDB /* PBXTargetDependency */ = {
			isa = PBXTargetDependency;
			target = B606D11C21EF69910072FFDB /* MusicBrowser */;
			targetProxy = B606D13221EF69920072FFDB /* PBXContainerItemProxy */;
		};
/* End PBXTargetDependency section */

/* Begin PBXVariantGroup section */
		B606D12921EF69920072FFDB /* LaunchScreen.storyboard */ = {
			isa = PBXVariantGroup;
			children = (
				B606D12A21EF69920072FFDB /* Base */,
			);
			name = LaunchScreen.storyboard;
			sourceTree = "<group>";
		};
/* End PBXVariantGroup section */

/* Begin XCBuildConfiguration section */
		B606D13821EF69930072FFDB /* Debug */ = {
			isa = XCBuildConfiguration;
			buildSettings = {
				ALWAYS_SEARCH_USER_PATHS = NO;
				CLANG_ANALYZER_NONNULL = YES;
				CLANG_ANALYZER_NUMBER_OBJECT_CONVERSION = YES_AGGRESSIVE;
				CLANG_CXX_LANGUAGE_STANDARD = "gnu++14";
				CLANG_CXX_LIBRARY = "libc++";
				CLANG_ENABLE_MODULES = YES;
				CLANG_ENABLE_OBJC_ARC = YES;
				CLANG_ENABLE_OBJC_WEAK = YES;
				CLANG_WARN_BLOCK_CAPTURE_AUTORELEASING = YES;
				CLANG_WARN_BOOL_CONVERSION = YES;
				CLANG_WARN_COMMA = YES;
				CLANG_WARN_CONSTANT_CONVERSION = YES;
				CLANG_WARN_DEPRECATED_OBJC_IMPLEMENTATIONS = YES;
				CLANG_WARN_DIRECT_OBJC_ISA_USAGE = YES_ERROR;
				CLANG_WARN_DOCUMENTATION_COMMENTS = YES;
				CLANG_WARN_EMPTY_BODY = YES;
				CLANG_WARN_ENUM_CONVERSION = YES;
				CLANG_WARN_INFINITE_RECURSION = YES;
				CLANG_WARN_INT_CONVERSION = YES;
				CLANG_WARN_NON_LITERAL_NULL_CONVERSION = YES;
				CLANG_WARN_OBJC_IMPLICIT_RETAIN_SELF = YES;
				CLANG_WARN_OBJC_LITERAL_CONVERSION = YES;
				CLANG_WARN_OBJC_ROOT_CLASS = YES_ERROR;
				CLANG_WARN_RANGE_LOOP_ANALYSIS = YES;
				CLANG_WARN_STRICT_PROTOTYPES = YES;
				CLANG_WARN_SUSPICIOUS_MOVE = YES;
				CLANG_WARN_UNGUARDED_AVAILABILITY = YES_AGGRESSIVE;
				CLANG_WARN_UNREACHABLE_CODE = YES;
				CLANG_WARN__DUPLICATE_METHOD_MATCH = YES;
				CODE_SIGN_IDENTITY = "iPhone Developer";
				COPY_PHASE_STRIP = NO;
				DEBUG_INFORMATION_FORMAT = dwarf;
				ENABLE_STRICT_OBJC_MSGSEND = YES;
				ENABLE_TESTABILITY = YES;
				GCC_C_LANGUAGE_STANDARD = gnu11;
				GCC_DYNAMIC_NO_PIC = NO;
				GCC_NO_COMMON_BLOCKS = YES;
				GCC_OPTIMIZATION_LEVEL = 0;
				GCC_PREPROCESSOR_DEFINITIONS = (
					"DEBUG=1",
					"$(inherited)",
				);
				GCC_WARN_64_TO_32_BIT_CONVERSION = YES;
				GCC_WARN_ABOUT_RETURN_TYPE = YES_ERROR;
				GCC_WARN_UNDECLARED_SELECTOR = YES;
				GCC_WARN_UNINITIALIZED_AUTOS = YES_AGGRESSIVE;
				GCC_WARN_UNUSED_FUNCTION = YES;
				GCC_WARN_UNUSED_VARIABLE = YES;
				IPHONEOS_DEPLOYMENT_TARGET = 12.1;
				MTL_ENABLE_DEBUG_INFO = INCLUDE_SOURCE;
				MTL_FAST_MATH = YES;
				ONLY_ACTIVE_ARCH = YES;
				SDKROOT = iphoneos;
				SWIFT_ACTIVE_COMPILATION_CONDITIONS = DEBUG;
				SWIFT_OPTIMIZATION_LEVEL = "-Onone";
			};
			name = Debug;
		};
		B606D13921EF69930072FFDB /* Release */ = {
			isa = XCBuildConfiguration;
			buildSettings = {
				ALWAYS_SEARCH_USER_PATHS = NO;
				CLANG_ANALYZER_NONNULL = YES;
				CLANG_ANALYZER_NUMBER_OBJECT_CONVERSION = YES_AGGRESSIVE;
				CLANG_CXX_LANGUAGE_STANDARD = "gnu++14";
				CLANG_CXX_LIBRARY = "libc++";
				CLANG_ENABLE_MODULES = YES;
				CLANG_ENABLE_OBJC_ARC = YES;
				CLANG_ENABLE_OBJC_WEAK = YES;
				CLANG_WARN_BLOCK_CAPTURE_AUTORELEASING = YES;
				CLANG_WARN_BOOL_CONVERSION = YES;
				CLANG_WARN_COMMA = YES;
				CLANG_WARN_CONSTANT_CONVERSION = YES;
				CLANG_WARN_DEPRECATED_OBJC_IMPLEMENTATIONS = YES;
				CLANG_WARN_DIRECT_OBJC_ISA_USAGE = YES_ERROR;
				CLANG_WARN_DOCUMENTATION_COMMENTS = YES;
				CLANG_WARN_EMPTY_BODY = YES;
				CLANG_WARN_ENUM_CONVERSION = YES;
				CLANG_WARN_INFINITE_RECURSION = YES;
				CLANG_WARN_INT_CONVERSION = YES;
				CLANG_WARN_NON_LITERAL_NULL_CONVERSION = YES;
				CLANG_WARN_OBJC_IMPLICIT_RETAIN_SELF = YES;
				CLANG_WARN_OBJC_LITERAL_CONVERSION = YES;
				CLANG_WARN_OBJC_ROOT_CLASS = YES_ERROR;
				CLANG_WARN_RANGE_LOOP_ANALYSIS = YES;
				CLANG_WARN_STRICT_PROTOTYPES = YES;
				CLANG_WARN_SUSPICIOUS_MOVE = YES;
				CLANG_WARN_UNGUARDED_AVAILABILITY = YES_AGGRESSIVE;
				CLANG_WARN_UNREACHABLE_CODE = YES;
				CLANG_WARN__DUPLICATE_METHOD_MATCH = YES;
				CODE_SIGN_IDENTITY = "iPhone Developer";
				COPY_PHASE_STRIP = NO;
				DEBUG_INFORMATION_FORMAT = "dwarf-with-dsym";
				ENABLE_NS_ASSERTIONS = NO;
				ENABLE_STRICT_OBJC_MSGSEND = YES;
				GCC_C_LANGUAGE_STANDARD = gnu11;
				GCC_NO_COMMON_BLOCKS = YES;
				GCC_WARN_64_TO_32_BIT_CONVERSION = YES;
				GCC_WARN_ABOUT_RETURN_TYPE = YES_ERROR;
				GCC_WARN_UNDECLARED_SELECTOR = YES;
				GCC_WARN_UNINITIALIZED_AUTOS = YES_AGGRESSIVE;
				GCC_WARN_UNUSED_FUNCTION = YES;
				GCC_WARN_UNUSED_VARIABLE = YES;
				IPHONEOS_DEPLOYMENT_TARGET = 12.1;
				MTL_ENABLE_DEBUG_INFO = NO;
				MTL_FAST_MATH = YES;
				SDKROOT = iphoneos;
				SWIFT_COMPILATION_MODE = wholemodule;
				SWIFT_OPTIMIZATION_LEVEL = "-O";
				VALIDATE_PRODUCT = YES;
			};
			name = Release;
		};
		B606D13B21EF69930072FFDB /* Debug */ = {
			isa = XCBuildConfiguration;
			baseConfigurationReference = 8D2D821228311FDE95B63931 /* Pods-MusicBrowser.debug.xcconfig */;
			buildSettings = {
				ASSETCATALOG_COMPILER_APPICON_NAME = AppIcon;
				CODE_SIGN_STYLE = Automatic;
				INFOPLIST_FILE = MusicBrowser/Info.plist;
				LD_RUNPATH_SEARCH_PATHS = (
					"$(inherited)",
					"@executable_path/Frameworks",
				);
				PRODUCT_BUNDLE_IDENTIFIER = com.gzafra.MusicBrowser;
				PRODUCT_NAME = "$(TARGET_NAME)";
				SWIFT_VERSION = 4.2;
				TARGETED_DEVICE_FAMILY = "1,2";
			};
			name = Debug;
		};
		B606D13C21EF69930072FFDB /* Release */ = {
			isa = XCBuildConfiguration;
			baseConfigurationReference = 51392B4EB08BF0E8D9562643 /* Pods-MusicBrowser.release.xcconfig */;
			buildSettings = {
				ASSETCATALOG_COMPILER_APPICON_NAME = AppIcon;
				CODE_SIGN_STYLE = Automatic;
				INFOPLIST_FILE = MusicBrowser/Info.plist;
				LD_RUNPATH_SEARCH_PATHS = (
					"$(inherited)",
					"@executable_path/Frameworks",
				);
				PRODUCT_BUNDLE_IDENTIFIER = com.gzafra.MusicBrowser;
				PRODUCT_NAME = "$(TARGET_NAME)";
				SWIFT_VERSION = 4.2;
				TARGETED_DEVICE_FAMILY = "1,2";
			};
			name = Release;
		};
		B606D13E21EF69930072FFDB /* Debug */ = {
			isa = XCBuildConfiguration;
			baseConfigurationReference = 18D07BFFBC46BA6E15F7749B /* Pods-MusicBrowserTests.debug.xcconfig */;
			buildSettings = {
				ALWAYS_EMBED_SWIFT_STANDARD_LIBRARIES = YES;
				BUNDLE_LOADER = "$(TEST_HOST)";
				CODE_SIGN_STYLE = Automatic;
				INFOPLIST_FILE = MusicBrowserTests/Info.plist;
				LD_RUNPATH_SEARCH_PATHS = (
					"$(inherited)",
					"@executable_path/Frameworks",
					"@loader_path/Frameworks",
				);
				PRODUCT_BUNDLE_IDENTIFIER = com.gzafra.MusicBrowserTests;
				PRODUCT_NAME = "$(TARGET_NAME)";
				SWIFT_VERSION = 4.2;
				TARGETED_DEVICE_FAMILY = "1,2";
				TEST_HOST = "$(BUILT_PRODUCTS_DIR)/MusicBrowser.app/MusicBrowser";
			};
			name = Debug;
		};
		B606D13F21EF69930072FFDB /* Release */ = {
			isa = XCBuildConfiguration;
			baseConfigurationReference = F12131A729466857873E8CE3 /* Pods-MusicBrowserTests.release.xcconfig */;
			buildSettings = {
				ALWAYS_EMBED_SWIFT_STANDARD_LIBRARIES = YES;
				BUNDLE_LOADER = "$(TEST_HOST)";
				CODE_SIGN_STYLE = Automatic;
				INFOPLIST_FILE = MusicBrowserTests/Info.plist;
				LD_RUNPATH_SEARCH_PATHS = (
					"$(inherited)",
					"@executable_path/Frameworks",
					"@loader_path/Frameworks",
				);
				PRODUCT_BUNDLE_IDENTIFIER = com.gzafra.MusicBrowserTests;
				PRODUCT_NAME = "$(TARGET_NAME)";
				SWIFT_VERSION = 4.2;
				TARGETED_DEVICE_FAMILY = "1,2";
				TEST_HOST = "$(BUILT_PRODUCTS_DIR)/MusicBrowser.app/MusicBrowser";
			};
			name = Release;
		};
/* End XCBuildConfiguration section */

/* Begin XCConfigurationList section */
		B606D11821EF69910072FFDB /* Build configuration list for PBXProject "MusicBrowser" */ = {
			isa = XCConfigurationList;
			buildConfigurations = (
				B606D13821EF69930072FFDB /* Debug */,
				B606D13921EF69930072FFDB /* Release */,
			);
			defaultConfigurationIsVisible = 0;
			defaultConfigurationName = Release;
		};
		B606D13A21EF69930072FFDB /* Build configuration list for PBXNativeTarget "MusicBrowser" */ = {
			isa = XCConfigurationList;
			buildConfigurations = (
				B606D13B21EF69930072FFDB /* Debug */,
				B606D13C21EF69930072FFDB /* Release */,
			);
			defaultConfigurationIsVisible = 0;
			defaultConfigurationName = Release;
		};
		B606D13D21EF69930072FFDB /* Build configuration list for PBXNativeTarget "MusicBrowserTests" */ = {
			isa = XCConfigurationList;
			buildConfigurations = (
				B606D13E21EF69930072FFDB /* Debug */,
				B606D13F21EF69930072FFDB /* Release */,
			);
			defaultConfigurationIsVisible = 0;
			defaultConfigurationName = Release;
		};
/* End XCConfigurationList section */
	};
	rootObject = B606D11521EF69910072FFDB /* Project object */;
}
